
Microsoft Visual Studio Solution File, Format Version 12.00
# Visual Studio Version 16
VisualStudioVersion = 16.0.30907.101
MinimumVisualStudioVersion = 10.0.40219.1
Project("{8BC9CEB8-8B4A-11D0-8D11-00A0C91BC942}") = "GLSandBox", "GLSandBox.vcxproj", "{92C85A98-083B-4BC8-AC04-5D22FC03D182}"
EndProject
Global
	GlobalSection(SolutionConfigurationPlatforms) = preSolution
		Debug|x64 = Debug|x64
		Debug|x86 = Debug|x86
		Release|x64 = Release|x64
		Release|x86 = Release|x86
	EndGlobalSection
	GlobalSection(ProjectConfigurationPlatforms) = postSolution
		{92C85A98-083B-4BC8-AC04-5D22FC03D182}.Debug|x64.ActiveCfg = Debug|x64
		{92C85A98-083B-4BC8-AC04-5D22FC03D182}.Debug|x64.Build.0 = Debug|x64
		{92C85A98-083B-4BC8-AC04-5D22FC03D182}.Debug|x86.ActiveCfg = Debug|Win32
		{92C85A98-083B-4BC8-AC04-5D22FC03D182}.Debug|x86.Build.0 = Debug|Win32
		{92C85A98-083B-4BC8-AC04-5D22FC03D182}.Release|x64.ActiveCfg = Release|x64
		{92C85A98-083B-4BC8-AC04-5D22FC03D182}.Release|x64.Build.0 = Release|x64
		{92C85A98-083B-4BC8-AC04-5D22FC03D182}.Release|x86.ActiveCfg = Release|Win32
		{92C85A98-083B-4BC8-AC04-5D22FC03D182}.Release|x86.Build.0 = Release|Win32
	EndGlobalSection
	GlobalSection(SolutionProperties) = preSolution
		HideSolutionNode = FALSE
	EndGlobalSection
	GlobalSection(ExtensibilityGlobals) = postSolution
		SolutionGuid = {F63D58E7-ECBF-49DF-90A9-87E1F134F948}
	EndGlobalSection
EndGlobal
